{
  "name": "hello-influxdb",
  "version": "1.0.0",
  "lockfileVersion": 3,
  "requires": true,
  "packages": {
    "": {
      "name": "hello-influxdb",
      "version": "1.0.0",
      "license": "MIT",
      "dependencies": {
        "@influxdata/influxdb-client": "^1.33.2",
        "dotenv": "^16.4.4"
      }
    },
    "node_modules/@influxdata/influxdb-client": {
      "version": "1.33.2",
      "resolved": "https://registry.npmjs.org/@influxdata/influxdb-client/-/influxdb-client-1.33.2.tgz",
      "integrity": "sha512-RT5SxH+grHAazo/YK3UTuWK/frPWRM0N7vkrCUyqVprDgQzlLP+bSK4ak2Jv3QVF/pazTnsxWjvtKZdwskV5Xw=="
    },
    "node_modules/dotenv": {
      "version": "16.4.4",
      "resolved": "https://registry.npmjs.org/dotenv/-/dotenv-16.4.4.tgz",
      "integrity": "sha512-XvPXc8XAQThSjAbY6cQ/9PcBXmFoWuw1sQ3b8HqUCR6ziGXjkTi//kB9SWa2UwqlgdAIuRqAa/9hVljzPehbYg==",
      "engines": {
        "node": ">=12"
      },
      "funding": {
        "url": "https://dotenvx.com"
      }
    }
  }
}
